
Microsoft Visual Studio Solution File, Format Version 12.00
# Visual Studio Version 17
VisualStudioVersion = 17.14.36401.2 d17.14
MinimumVisualStudioVersion = 10.0.40219.1
Project("{FAE04EC0-301F-11D3-BF4B-00C04F79EFBC}") = "WPF_NNTP_Project", "WPF_NNTP_Project\WPF_NNTP_Project.csproj", "{93BA445B-C445-45C4-8B2F-0A99946D100E}"
EndProject
Global
	GlobalSection(SolutionConfigurationPlatforms) = preSolution
		Debug|Any CPU = Debug|Any CPU
		Release|Any CPU = Release|Any CPU
	EndGlobalSection
	GlobalSection(ProjectConfigurationPlatforms) = postSolution
		{93BA445B-C445-45C4-8B2F-0A99946D100E}.Debug|Any CPU.ActiveCfg = Debug|Any CPU
		{93BA445B-C445-45C4-8B2F-0A99946D100E}.Debug|Any CPU.Build.0 = Debug|Any CPU
		{93BA445B-C445-45C4-8B2F-0A99946D100E}.Release|Any CPU.ActiveCfg = Release|Any CPU
		{93BA445B-C445-45C4-8B2F-0A99946D100E}.Release|Any CPU.Build.0 = Release|Any CPU
	EndGlobalSection
	GlobalSection(SolutionProperties) = preSolution
		HideSolutionNode = FALSE
	EndGlobalSection
	GlobalSection(ExtensibilityGlobals) = postSolution
		SolutionGuid = {6362209B-B147-47B0-855F-20CC2A0BA9C2}
	EndGlobalSection
EndGlobal
